<?xml version="1.0" encoding="utf-8"?>
<Project xmlns="http://schemas.microsoft.com/developer/msbuild/2003">
    <PropertyGroup>
        <ProjectGuid>{A1B2C3D4-E5F6-7890-ABCD-EF1234567890}</ProjectGuid>
        <MainSource>BadgerConsole.dpr</MainSource>
        <Configuration Condition=" '$(Configuration)'=='' ">Debug</Configuration>
        <DCC_DCCCompiler>DCC</DCC_DCCCompiler>
        <DCC_DependencyCheckOutputName>BadgerConsole.exe</DCC_DependencyCheckOutputName>
        <ProjectVersion>20.1</ProjectVersion>
        <Config Condition="'$(Config)'==''">Debug</Config>
        <Platform Condition="'$(Platform)'==''">Win32</Platform>
        <TargetedPlatforms>3</TargetedPlatforms>
        <AppType>Console</AppType>
        <FrameworkType>None</FrameworkType>
    </PropertyGroup>
    <PropertyGroup Condition="'$(Config)'=='Debug' or '$(Cfg_1)'!=''">
        <DCC_Define>DEBUG;$(DCC_Define)</DCC_Define>
        <DCC_Optimize>false</DCC_Optimize>
        <DCC_GenerateStackFrames>true</DCC_GenerateStackFrames>
    </PropertyGroup>
    <PropertyGroup Condition="'$(Config)'=='Release' or '$(Cfg_2)'!=''">
        <DCC_Define>RELEASE;$(DCC_Define)</DCC_Define>
        <DCC_Optimize>true</DCC_Optimize>
    </PropertyGroup>
    <PropertyGroup Condition="'$(Base)'!=''">
        <DCC_UnitSearchPath>..\..\..\src;..\..\..\src\IOCP;..\..\..\src\Auth\Basic;..\..\..\src\Auth\JWT;..\..\..\ThirdParty\Synapse;..\..\..\ThirdParty\SuperObject\D_plus;..\..\Common;$(DCC_UnitSearchPath)</DCC_UnitSearchPath>
        <DCC_ExeOutput>.\$(Platform)\$(Config)</DCC_ExeOutput>
        <DCC_DcuOutput>.\$(Platform)\$(Config)\DCUs</DCC_DcuOutput>
        <DCC_Namespace>System;Xml;Data;Datasnap;Web;Soap;$(DCC_Namespace)</DCC_Namespace>
    </PropertyGroup>
    <ItemGroup>
        <DelphiCompile Include="$(MainSource)">
            <MainSource>MainSource</MainSource>
        </DelphiCompile>
        <DCCReference Include="..\..\Common\SampleRouteManager.pas"/>
        <BuildConfiguration Include="Debug">
            <Key>Cfg_1</Key>
            <CfgParent>Base</CfgParent>
        </BuildConfiguration>
        <BuildConfiguration Include="Base">
            <Key>Base</Key>
        </BuildConfiguration>
        <BuildConfiguration Include="Release">
            <Key>Cfg_2</Key>
            <CfgParent>Base</CfgParent>
        </BuildConfiguration>
    </ItemGroup>
    <Import Project="$(BDS)\Bin\CodeGear.Delphi.Targets" Condition="Exists('$(BDS)\Bin\CodeGear.Delphi.Targets')"/>
</Project>
