<Project xmlns="http://schemas.microsoft.com/developer/msbuild/2003">
    <PropertyGroup>
        <ProjectGuid>{B8D4F02A-6C17-4E3B-91A5-7E2F4C9D1B80}</ProjectGuid>
        <ProjectVersion>20.2</ProjectVersion>
        <FrameworkType>VCL</FrameworkType>
        <Base>True</Base>
        <Config Condition="'$(Config)'==''">Debug</Config>
        <Platform Condition="'$(Platform)'==''">Win64</Platform>
        <ProjectName Condition="'$(ProjectName)'==''">IocpPingGUI</ProjectName>
        <TargetedPlatforms>3</TargetedPlatforms>
        <AppType>Application</AppType>
        <MainSource>IocpPingGUI.dpr</MainSource>
    </PropertyGroup>
    <PropertyGroup Condition="'$(Config)'=='Base' or '$(Base)'!=''">
        <Base>true</Base>
    </PropertyGroup>
    <PropertyGroup Condition="('$(Platform)'=='Win32' and '$(Base)'=='true') or '$(Base_Win32)'!=''">
        <Base_Win32>true</Base_Win32>
        <CfgParent>Base</CfgParent>
        <Base>true</Base>
    </PropertyGroup>
    <PropertyGroup Condition="('$(Platform)'=='Win64' and '$(Base)'=='true') or '$(Base_Win64)'!=''">
        <Base_Win64>true</Base_Win64>
        <CfgParent>Base</CfgParent>
        <Base>true</Base>
    </PropertyGroup>
    <PropertyGroup Condition="'$(Config)'=='Debug' or '$(Cfg_1)'!=''">
        <Cfg_1>true</Cfg_1>
        <CfgParent>Base</CfgParent>
        <Base>true</Base>
    </PropertyGroup>
    <PropertyGroup Condition="('$(Platform)'=='Win32' and '$(Cfg_1)'=='true') or '$(Cfg_1_Win32)'!=''">
        <Cfg_1_Win32>true</Cfg_1_Win32>
        <CfgParent>Cfg_1</CfgParent>
        <Cfg_1>true</Cfg_1>
        <Base>true</Base>
    </PropertyGroup>
    <PropertyGroup Condition="('$(Platform)'=='Win64' and '$(Cfg_1)'=='true') or '$(Cfg_1_Win64)'!=''">
        <Cfg_1_Win64>true</Cfg_1_Win64>
        <CfgParent>Cfg_1</CfgParent>
        <Cfg_1>true</Cfg_1>
        <Base>true</Base>
    </PropertyGroup>
    <PropertyGroup Condition="'$(Config)'=='Release' or '$(Cfg_2)'!=''">
        <Cfg_2>true</Cfg_2>
        <CfgParent>Base</CfgParent>
        <Base>true</Base>
    </PropertyGroup>
    <PropertyGroup Condition="'$(Base)'!=''">
        <DCC_DcuOutput>.\$(Platform)\$(Config)</DCC_DcuOutput>
        <DCC_ExeOutput>.\$(Platform)\$(Config)</DCC_ExeOutput>
        <DCC_E>false</DCC_E>
        <DCC_N>false</DCC_N>
        <DCC_S>false</DCC_S>
        <DCC_F>false</DCC_F>
        <DCC_K>false</DCC_K>
        <DCC_Namespace>System;Xml;Data;Datasnap;Web;Soap;Vcl;Vcl.Imaging;Vcl.Touch;Vcl.Samples;Vcl.Shell;Winapi;System.Win;$(DCC_Namespace)</DCC_Namespace>
        <SanitizedProjectName>IocpPingGUI</SanitizedProjectName>
        <DCC_UnitSearchPath>..\..\..\src\IOCP;..\..\..\src;..\..\..\src\Auth\Basic;..\..\..\src\Auth\JWT;..\..\..;..\..\..\ThirdParty\Synapse;..\..\..\ThirdParty\SuperObject\D_plus;..\..\..\ThirdParty\FastMM5-version_507;$(DCC_UnitSearchPath)</DCC_UnitSearchPath>
        <VerInfo_Locale>1046</VerInfo_Locale>
        <Icon_MainIcon>$(BDS)\bin\delphi_PROJECTICON.ico</Icon_MainIcon>
        <VerInfo_Keys>CompanyName=;FileDescription=$(MSBuildProjectName);FileVersion=1.0.0.0;InternalName=;LegalCopyright=;LegalTrademarks=;OriginalFilename=;ProgramID=com.embarcadero.$(MSBuildProjectName);ProductName=$(MSBuildProjectName);ProductVersion=1.0.0.0;Comments=</VerInfo_Keys>
    </PropertyGroup>
    <PropertyGroup Condition="'$(Base_Win32)'!=''">
        <DCC_UsePackage>vcl;rtl;$(DCC_UsePackage)</DCC_UsePackage>
        <BT_BuildType>Debug</BT_BuildType>
        <VerInfo_IncludeVerInfo>true</VerInfo_IncludeVerInfo>
        <VerInfo_Locale>1033</VerInfo_Locale>
        <Manifest_File>$(BDS)\bin\default_app.manifest</Manifest_File>
        <AppDPIAwarenessMode>PerMonitorV2</AppDPIAwarenessMode>
    </PropertyGroup>
    <PropertyGroup Condition="'$(Base_Win64)'!=''">
        <DCC_UsePackage>vcl;rtl;$(DCC_UsePackage)</DCC_UsePackage>
        <BT_BuildType>Debug</BT_BuildType>
        <VerInfo_IncludeVerInfo>true</VerInfo_IncludeVerInfo>
        <VerInfo_Locale>1033</VerInfo_Locale>
        <Manifest_File>$(BDS)\bin\default_app.manifest</Manifest_File>
        <AppDPIAwarenessMode>PerMonitorV2</AppDPIAwarenessMode>
    </PropertyGroup>
    <PropertyGroup Condition="'$(Cfg_1)'!=''">
        <DCC_Define>DEBUG;FastMM_FullDebugMode;FastMM_EnableMemoryLeakReporting;$(DCC_Define)</DCC_Define>
        <DCC_DebugDCUs>true</DCC_DebugDCUs>
        <DCC_Optimize>false</DCC_Optimize>
        <DCC_GenerateStackFrames>true</DCC_GenerateStackFrames>
        <DCC_DebugInfoInExe>true</DCC_DebugInfoInExe>
        <DCC_RemoteDebug>true</DCC_RemoteDebug>
        <DCC_IntegerOverflowCheck>true</DCC_IntegerOverflowCheck>
        <DCC_RangeChecking>true</DCC_RangeChecking>
    </PropertyGroup>
    <PropertyGroup Condition="'$(Cfg_1_Win32)'!=''">
        <DCC_RemoteDebug>false</DCC_RemoteDebug>
    </PropertyGroup>
    <PropertyGroup Condition="'$(Cfg_1_Win64)'!=''">
        <VerInfo_IncludeVerInfo>true</VerInfo_IncludeVerInfo>
        <VerInfo_Locale>1033</VerInfo_Locale>
    </PropertyGroup>
    <PropertyGroup Condition="'$(Cfg_2)'!=''">
        <DCC_LocalDebugSymbols>false</DCC_LocalDebugSymbols>
        <DCC_Define>RELEASE;$(DCC_Define)</DCC_Define>
        <DCC_SymbolReferenceInfo>0</DCC_SymbolReferenceInfo>
        <DCC_DebugInformation>0</DCC_DebugInformation>
    </PropertyGroup>
    <ItemGroup>
        <DelphiCompile Include="$(MainSource)">
            <MainSource>MainSource</MainSource>
        </DelphiCompile>
        <DCCReference Include="MainForm.pas">
            <Form>FormMain</Form>
        </DCCReference>
        <DCCReference Include="..\..\..\src\IOCP\BadgerWinSock2.pas"/>
        <DCCReference Include="..\..\..\src\BadgerHttpStatus.pas"/>
        <DCCReference Include="..\..\..\src\BadgerHttpParser.pas"/>
        <DCCReference Include="..\..\..\src\BadgerWebSocket.pas"/>
        <DCCReference Include="..\..\..\ThirdParty\Synapse\blcksock.pas"/>
        <DCCReference Include="..\..\..\src\BadgerTypes.pas"/>
        <DCCReference Include="..\..\..\src\BadgerRouteManager.pas"/>
        <DCCReference Include="..\..\..\src\BadgerLogger.pas"/>
        <DCCReference Include="..\..\..\src\BadgerHttpUtils.pas"/>
        <DCCReference Include="..\..\..\src\BadgerUtils.pas"/>
        <DCCReference Include="..\..\..\src\BadgerUploadUtils.pas"/>
        <DCCReference Include="..\..\..\src\BadgerMultipartDataReader.pas"/>
        <DCCReference Include="..\..\..\src\BadgerMethods.pas"/>
        <DCCReference Include="..\..\..\src\BadgerHttpDispatch.pas"/>
        <DCCReference Include="..\..\..\src\IOCP\BadgerIOCP.pas"/>
        <DCCReference Include="..\..\..\src\BadgerRequestHandler.pas"/>
        <DCCReference Include="..\..\..\src\Badger.pas"/>
        <DCCReference Include="..\..\..\src\Auth\JWT\BadgerJWTUtils.pas"/>
        <DCCReference Include="..\..\..\src\Auth\JWT\BadgerJWTClaims.pas"/>
        <DCCReference Include="..\..\..\ThirdParty\SuperObject\D_plus\superobject.pas"/>
        <DCCReference Include="..\..\..\src\Auth\JWT\BadgerAuthJWT.pas"/>
        <DCCReference Include="..\..\..\src\Auth\Basic\BadgerBasicAuth.pas"/>
        <DCCReference Include="..\IocpDemoRoutes.pas"/>
        <DCCReference Include="..\IocpWsChatClient.pas"/>
        <DCCReference Include="..\IocpDemoHttpRoutes.pas"/>
        <BuildConfiguration Include="Base">
            <Key>Base</Key>
        </BuildConfiguration>
        <BuildConfiguration Include="Debug">
            <Key>Cfg_1</Key>
            <CfgParent>Base</CfgParent>
        </BuildConfiguration>
        <BuildConfiguration Include="Release">
            <Key>Cfg_2</Key>
            <CfgParent>Base</CfgParent>
        </BuildConfiguration>
    </ItemGroup>
    <ProjectExtensions>
        <Borland.Personality>Delphi.Personality.12</Borland.Personality>
        <Borland.ProjectType>VCL</Borland.ProjectType>
        <BorlandProject>
            <Delphi.Personality>
                <Source>
                    <Source Name="MainSource">IocpPingGUI.dpr</Source>
                </Source>
                <Excluded_Packages>
                    <Excluded_Packages Name="$(BDSBIN)\dclemsedge290.bpl">Embarcadero RAD Server Edge Components</Excluded_Packages>
                    <Excluded_Packages Name="C:\Xlog\Soli\Componentes\ACbr\Lib\Delphi\LibD29\Win32\DCLACBr_Comum.bpl">File C:\Xlog\Soli\Componentes\ACbr\Lib\Delphi\LibD29\Win32\DCLACBr_Comum.bpl not found</Excluded_Packages>
                    <Excluded_Packages Name="C:\Xlog\Soli\Componentes\ACbr\Lib\Delphi\LibD29\Win32\DCLACBr_OpenSSL.bpl">File C:\Xlog\Soli\Componentes\ACbr\Lib\Delphi\LibD29\Win32\DCLACBr_OpenSSL.bpl not found</Excluded_Packages>
                    <Excluded_Packages Name="C:\Xlog\Soli\Componentes\ACbr\Lib\Delphi\LibD29\Win32\DCLACBr_Diversos.bpl">File C:\Xlog\Soli\Componentes\ACbr\Lib\Delphi\LibD29\Win32\DCLACBr_Diversos.bpl not found</Excluded_Packages>
                    <Excluded_Packages Name="C:\Xlog\Soli\Componentes\ACbr\Lib\Delphi\LibD29\Win32\DCLACBr_Serial.bpl">File C:\Xlog\Soli\Componentes\ACbr\Lib\Delphi\LibD29\Win32\DCLACBr_Serial.bpl not found</Excluded_Packages>
                    <Excluded_Packages Name="C:\Xlog\Soli\Componentes\ACbr\Lib\Delphi\LibD29\Win32\DCLACBr_Convenio115.bpl">File C:\Xlog\Soli\Componentes\ACbr\Lib\Delphi\LibD29\Win32\DCLACBr_Convenio115.bpl not found</Excluded_Packages>
                    <Excluded_Packages Name="C:\Xlog\Soli\Componentes\ACbr\Lib\Delphi\LibD29\Win32\DCLACBr_LFD.bpl">File C:\Xlog\Soli\Componentes\ACbr\Lib\Delphi\LibD29\Win32\DCLACBr_LFD.bpl not found</Excluded_Packages>
                    <Excluded_Packages Name="C:\Xlog\Soli\Componentes\ACbr\Lib\Delphi\LibD29\Win32\DCLACBr_EDI.bpl">File C:\Xlog\Soli\Componentes\ACbr\Lib\Delphi\LibD29\Win32\DCLACBr_EDI.bpl not found</Excluded_Packages>
                    <Excluded_Packages Name="C:\Xlog\Soli\Componentes\ACbr\Lib\Delphi\LibD29\Win32\DCLACBr_PAF.bpl">File C:\Xlog\Soli\Componentes\ACbr\Lib\Delphi\LibD29\Win32\DCLACBr_PAF.bpl not found</Excluded_Packages>
                    <Excluded_Packages Name="C:\Xlog\Soli\Componentes\ACbr\Lib\Delphi\LibD29\Win32\DCLACBr_SEF2.bpl">File C:\Xlog\Soli\Componentes\ACbr\Lib\Delphi\LibD29\Win32\DCLACBr_SEF2.bpl not found</Excluded_Packages>
                    <Excluded_Packages Name="C:\Xlog\Soli\Componentes\ACbr\Lib\Delphi\LibD29\Win32\DCLACBr_Sintegra.bpl">File C:\Xlog\Soli\Componentes\ACbr\Lib\Delphi\LibD29\Win32\DCLACBr_Sintegra.bpl not found</Excluded_Packages>
                    <Excluded_Packages Name="C:\Xlog\Soli\Componentes\ACbr\Lib\Delphi\LibD29\Win32\DCLACBr_SPED.bpl">File C:\Xlog\Soli\Componentes\ACbr\Lib\Delphi\LibD29\Win32\DCLACBr_SPED.bpl not found</Excluded_Packages>
                    <Excluded_Packages Name="C:\Xlog\Soli\Componentes\ACbr\Lib\Delphi\LibD29\Win32\DCLACBr_SPEDImportar.bpl">File C:\Xlog\Soli\Componentes\ACbr\Lib\Delphi\LibD29\Win32\DCLACBr_SPEDImportar.bpl not found</Excluded_Packages>
                    <Excluded_Packages Name="C:\Xlog\Soli\Componentes\ACbr\Lib\Delphi\LibD29\Win32\DCLACBr_DeSTDA.bpl">File C:\Xlog\Soli\Componentes\ACbr\Lib\Delphi\LibD29\Win32\DCLACBr_DeSTDA.bpl not found</Excluded_Packages>
                    <Excluded_Packages Name="C:\Xlog\Soli\Componentes\ACbr\Lib\Delphi\LibD29\Win32\DCLACBr_Ponto.bpl">File C:\Xlog\Soli\Componentes\ACbr\Lib\Delphi\LibD29\Win32\DCLACBr_Ponto.bpl not found</Excluded_Packages>
                    <Excluded_Packages Name="C:\Xlog\Soli\Componentes\ACbr\Lib\Delphi\LibD29\Win32\DCLACBr_LCDPR.bpl">File C:\Xlog\Soli\Componentes\ACbr\Lib\Delphi\LibD29\Win32\DCLACBr_LCDPR.bpl not found</Excluded_Packages>
                    <Excluded_Packages Name="C:\Xlog\Soli\Componentes\ACbr\Lib\Delphi\LibD29\Win32\DCLACBr_ADRCST.bpl">File C:\Xlog\Soli\Componentes\ACbr\Lib\Delphi\LibD29\Win32\DCLACBr_ADRCST.bpl not found</Excluded_Packages>
                    <Excluded_Packages Name="C:\Xlog\Soli\Componentes\ACbr\Lib\Delphi\LibD29\Win32\DCLACBr_TCP.bpl">File C:\Xlog\Soli\Componentes\ACbr\Lib\Delphi\LibD29\Win32\DCLACBr_TCP.bpl not found</Excluded_Packages>
                    <Excluded_Packages Name="C:\Xlog\Soli\Componentes\ACbr\Lib\Delphi\LibD29\Win32\DCLACBr_MTER.bpl">File C:\Xlog\Soli\Componentes\ACbr\Lib\Delphi\LibD29\Win32\DCLACBr_MTER.bpl not found</Excluded_Packages>
                    <Excluded_Packages Name="C:\Xlog\Soli\Componentes\ACbr\Lib\Delphi\LibD29\Win32\DCLACBrBaaS.bpl">File C:\Xlog\Soli\Componentes\ACbr\Lib\Delphi\LibD29\Win32\DCLACBrBaaS.bpl not found</Excluded_Packages>
                    <Excluded_Packages Name="C:\Xlog\Soli\Componentes\ACbr\Lib\Delphi\LibD29\Win32\DCLACBr_PIXCD.bpl">File C:\Xlog\Soli\Componentes\ACbr\Lib\Delphi\LibD29\Win32\DCLACBr_PIXCD.bpl not found</Excluded_Packages>
                    <Excluded_Packages Name="C:\Xlog\Soli\Componentes\ACbr\Lib\Delphi\LibD29\Win32\DCLACBr_Integrador.bpl">File C:\Xlog\Soli\Componentes\ACbr\Lib\Delphi\LibD29\Win32\DCLACBr_Integrador.bpl not found</Excluded_Packages>
                    <Excluded_Packages Name="C:\Xlog\Soli\Componentes\ACbr\Lib\Delphi\LibD29\Win32\DCLACBr_DFeComum.bpl">File C:\Xlog\Soli\Componentes\ACbr\Lib\Delphi\LibD29\Win32\DCLACBr_DFeComum.bpl not found</Excluded_Packages>
                    <Excluded_Packages Name="C:\Xlog\Soli\Componentes\ACbr\Lib\Delphi\LibD29\Win32\DCLACBr_Boleto.bpl">File C:\Xlog\Soli\Componentes\ACbr\Lib\Delphi\LibD29\Win32\DCLACBr_Boleto.bpl not found</Excluded_Packages>
                    <Excluded_Packages Name="C:\Xlog\Soli\Componentes\ACbr\Lib\Delphi\LibD29\Win32\DCLACBr_PagFor.bpl">File C:\Xlog\Soli\Componentes\ACbr\Lib\Delphi\LibD29\Win32\DCLACBr_PagFor.bpl not found</Excluded_Packages>
                    <Excluded_Packages Name="C:\Xlog\Soli\Componentes\ACbr\Lib\Delphi\LibD29\Win32\DCLACBr_DebitoAutomatico.bpl">File C:\Xlog\Soli\Componentes\ACbr\Lib\Delphi\LibD29\Win32\DCLACBr_DebitoAutomatico.bpl not found</Excluded_Packages>
                    <Excluded_Packages Name="C:\Xlog\Soli\Componentes\ACbr\Lib\Delphi\LibD29\Win32\DCLACBr_NFe.bpl">File C:\Xlog\Soli\Componentes\ACbr\Lib\Delphi\LibD29\Win32\DCLACBr_NFe.bpl not found</Excluded_Packages>
                    <Excluded_Packages Name="C:\Xlog\Soli\Componentes\ACbr\Lib\Delphi\LibD29\Win32\DCLACBr_NFCeECFVirtual.bpl">File C:\Xlog\Soli\Componentes\ACbr\Lib\Delphi\LibD29\Win32\DCLACBr_NFCeECFVirtual.bpl not found</Excluded_Packages>
                    <Excluded_Packages Name="C:\Xlog\Soli\Componentes\ACbr\Lib\Delphi\LibD29\Win32\DCLACBr_NFeDanfeESCPOS.bpl">File C:\Xlog\Soli\Componentes\ACbr\Lib\Delphi\LibD29\Win32\DCLACBr_NFeDanfeESCPOS.bpl not found</Excluded_Packages>
                    <Excluded_Packages Name="C:\Xlog\Soli\Componentes\ACbr\Lib\Delphi\LibD29\Win32\DCLACBr_CTe.bpl">File C:\Xlog\Soli\Componentes\ACbr\Lib\Delphi\LibD29\Win32\DCLACBr_CTe.bpl not found</Excluded_Packages>
                    <Excluded_Packages Name="C:\Xlog\Soli\Componentes\ACbr\Lib\Delphi\LibD29\Win32\DCLACBr_NFSe.bpl">File C:\Xlog\Soli\Componentes\ACbr\Lib\Delphi\LibD29\Win32\DCLACBr_NFSe.bpl not found</Excluded_Packages>
                    <Excluded_Packages Name="C:\Xlog\Soli\Componentes\ACbr\Lib\Delphi\LibD29\Win32\DCLACBr_NFSeX.bpl">File C:\Xlog\Soli\Componentes\ACbr\Lib\Delphi\LibD29\Win32\DCLACBr_NFSeX.bpl not found</Excluded_Packages>
                    <Excluded_Packages Name="C:\Xlog\Soli\Componentes\ACbr\Lib\Delphi\LibD29\Win32\DCLACBr_NFCom.bpl">File C:\Xlog\Soli\Componentes\ACbr\Lib\Delphi\LibD29\Win32\DCLACBr_NFCom.bpl not found</Excluded_Packages>
                    <Excluded_Packages Name="C:\Xlog\Soli\Componentes\ACbr\Lib\Delphi\LibD29\Win32\DCLACBr_MDFe.bpl">File C:\Xlog\Soli\Componentes\ACbr\Lib\Delphi\LibD29\Win32\DCLACBr_MDFe.bpl not found</Excluded_Packages>
                    <Excluded_Packages Name="C:\Xlog\Soli\Componentes\ACbr\Lib\Delphi\LibD29\Win32\DCLACBr_GNRE.bpl">File C:\Xlog\Soli\Componentes\ACbr\Lib\Delphi\LibD29\Win32\DCLACBr_GNRE.bpl not found</Excluded_Packages>
                    <Excluded_Packages Name="C:\Xlog\Soli\Componentes\ACbr\Lib\Delphi\LibD29\Win32\DCLACBre_Social.bpl">File C:\Xlog\Soli\Componentes\ACbr\Lib\Delphi\LibD29\Win32\DCLACBre_Social.bpl not found</Excluded_Packages>
                    <Excluded_Packages Name="C:\Xlog\Soli\Componentes\ACbr\Lib\Delphi\LibD29\Win32\DCLACBr_Reinf.bpl">File C:\Xlog\Soli\Componentes\ACbr\Lib\Delphi\LibD29\Win32\DCLACBr_Reinf.bpl not found</Excluded_Packages>
                    <Excluded_Packages Name="C:\Xlog\Soli\Componentes\ACbr\Lib\Delphi\LibD29\Win32\DCLACBr_SAT.bpl">File C:\Xlog\Soli\Componentes\ACbr\Lib\Delphi\LibD29\Win32\DCLACBr_SAT.bpl not found</Excluded_Packages>
                    <Excluded_Packages Name="C:\Xlog\Soli\Componentes\ACbr\Lib\Delphi\LibD29\Win32\DCLACBr_SATECFVirtual.bpl">File C:\Xlog\Soli\Componentes\ACbr\Lib\Delphi\LibD29\Win32\DCLACBr_SATECFVirtual.bpl not found</Excluded_Packages>
                    <Excluded_Packages Name="C:\Xlog\Soli\Componentes\ACbr\Lib\Delphi\LibD29\Win32\DCLACBr_SATExtratoESCPOS.bpl">File C:\Xlog\Soli\Componentes\ACbr\Lib\Delphi\LibD29\Win32\DCLACBr_SATExtratoESCPOS.bpl not found</Excluded_Packages>
                    <Excluded_Packages Name="C:\Xlog\Soli\Componentes\ACbr\Lib\Delphi\LibD29\Win32\DCLACBr_SATWS.bpl">File C:\Xlog\Soli\Componentes\ACbr\Lib\Delphi\LibD29\Win32\DCLACBr_SATWS.bpl not found</Excluded_Packages>
                    <Excluded_Packages Name="C:\Xlog\Soli\Componentes\ACbr\Lib\Delphi\LibD29\Win32\DCLACBr_BlocoX.bpl">File C:\Xlog\Soli\Componentes\ACbr\Lib\Delphi\LibD29\Win32\DCLACBr_BlocoX.bpl not found</Excluded_Packages>
                    <Excluded_Packages Name="C:\Xlog\Soli\Componentes\ACbr\Lib\Delphi\LibD29\Win32\DCLACBr_PAFNFCe.bpl">File C:\Xlog\Soli\Componentes\ACbr\Lib\Delphi\LibD29\Win32\DCLACBr_PAFNFCe.bpl not found</Excluded_Packages>
                    <Excluded_Packages Name="C:\Xlog\Soli\Componentes\ACbr\Lib\Delphi\LibD29\Win32\DCLACBr_BPe.bpl">File C:\Xlog\Soli\Componentes\ACbr\Lib\Delphi\LibD29\Win32\DCLACBr_BPe.bpl not found</Excluded_Packages>
                    <Excluded_Packages Name="C:\Xlog\Soli\Componentes\ACbr\Lib\Delphi\LibD29\Win32\DCLACBr_BPeDabpeESCPOS.bpl">File C:\Xlog\Soli\Componentes\ACbr\Lib\Delphi\LibD29\Win32\DCLACBr_BPeDabpeESCPOS.bpl not found</Excluded_Packages>
                    <Excluded_Packages Name="C:\Xlog\Soli\Componentes\ACbr\Lib\Delphi\LibD29\Win32\DCLACBr_DCe.bpl">File C:\Xlog\Soli\Componentes\ACbr\Lib\Delphi\LibD29\Win32\DCLACBr_DCe.bpl not found</Excluded_Packages>
                    <Excluded_Packages Name="C:\Xlog\Soli\Componentes\ACbr\Lib\Delphi\LibD29\Win32\DCLACBr_ANe.bpl">File C:\Xlog\Soli\Componentes\ACbr\Lib\Delphi\LibD29\Win32\DCLACBr_ANe.bpl not found</Excluded_Packages>
                    <Excluded_Packages Name="C:\Xlog\Soli\Componentes\ACbr\Lib\Delphi\LibD29\Win32\DCLACBr_CIOT.bpl">File C:\Xlog\Soli\Componentes\ACbr\Lib\Delphi\LibD29\Win32\DCLACBr_CIOT.bpl not found</Excluded_Packages>
                    <Excluded_Packages Name="C:\Xlog\Soli\Componentes\ACbr\Lib\Delphi\LibD29\Win32\DCLACBr_ONE.bpl">File C:\Xlog\Soli\Componentes\ACbr\Lib\Delphi\LibD29\Win32\DCLACBr_ONE.bpl not found</Excluded_Packages>
                    <Excluded_Packages Name="C:\Xlog\Soli\Componentes\ACbr\Lib\Delphi\LibD29\Win32\DCLACBr_NF3e.bpl">File C:\Xlog\Soli\Componentes\ACbr\Lib\Delphi\LibD29\Win32\DCLACBr_NF3e.bpl not found</Excluded_Packages>
                    <Excluded_Packages Name="C:\Xlog\Soli\Componentes\ACbr\Lib\Delphi\LibD29\Win32\DCLACBr_NF3eDANF3eESCPOS.bpl">File C:\Xlog\Soli\Componentes\ACbr\Lib\Delphi\LibD29\Win32\DCLACBr_NF3eDANF3eESCPOS.bpl not found</Excluded_Packages>
                    <Excluded_Packages Name="C:\Xlog\Soli\Componentes\ACbr\Lib\Delphi\LibD29\Win32\DCLACBr_GTIN.bpl">File C:\Xlog\Soli\Componentes\ACbr\Lib\Delphi\LibD29\Win32\DCLACBr_GTIN.bpl not found</Excluded_Packages>
                    <Excluded_Packages Name="C:\Xlog\Soli\Componentes\ACbr\Lib\Delphi\LibD29\Win32\DCLACBr_TEFD.bpl">File C:\Xlog\Soli\Componentes\ACbr\Lib\Delphi\LibD29\Win32\DCLACBr_TEFD.bpl not found</Excluded_Packages>
                    <Excluded_Packages Name="C:\Xlog\Soli\Componentes\ACbr\Lib\Delphi\LibD29\Win32\DCLACBr_OFX.bpl">File C:\Xlog\Soli\Componentes\ACbr\Lib\Delphi\LibD29\Win32\DCLACBr_OFX.bpl not found</Excluded_Packages>
                    <Excluded_Packages Name="C:\Xlog\Soli\Componentes\ACbr\Lib\Delphi\LibD29\Win32\DCLACBr_OpenDelivery.bpl">File C:\Xlog\Soli\Componentes\ACbr\Lib\Delphi\LibD29\Win32\DCLACBr_OpenDelivery.bpl not found</Excluded_Packages>
                    <Excluded_Packages Name="C:\Xlog\Soli\Componentes\ACbr\Lib\Delphi\LibD29\Win32\DCLACBr_NFeDanfeRL.bpl">File C:\Xlog\Soli\Componentes\ACbr\Lib\Delphi\LibD29\Win32\DCLACBr_NFeDanfeRL.bpl not found</Excluded_Packages>
                    <Excluded_Packages Name="C:\Xlog\Soli\Componentes\ACbr\Lib\Delphi\LibD29\Win32\DCLACBr_NFSeXDanfseRL.bpl">File C:\Xlog\Soli\Componentes\ACbr\Lib\Delphi\LibD29\Win32\DCLACBr_NFSeXDanfseRL.bpl not found</Excluded_Packages>
                    <Excluded_Packages Name="C:\Xlog\Soli\Componentes\ACbr\Lib\Delphi\LibD29\Win32\DCLACBr_CTeDacteRL.bpl">File C:\Xlog\Soli\Componentes\ACbr\Lib\Delphi\LibD29\Win32\DCLACBr_CTeDacteRL.bpl not found</Excluded_Packages>
                    <Excluded_Packages Name="C:\Xlog\Soli\Componentes\ACbr\Lib\Delphi\LibD29\Win32\DCLACBr_BoletoRL.bpl">File C:\Xlog\Soli\Componentes\ACbr\Lib\Delphi\LibD29\Win32\DCLACBr_BoletoRL.bpl not found</Excluded_Packages>
                    <Excluded_Packages Name="C:\Xlog\Soli\Componentes\ACbr\Lib\Delphi\LibD29\Win32\DCLACBr_MDFeDamdfeRL.bpl">File C:\Xlog\Soli\Componentes\ACbr\Lib\Delphi\LibD29\Win32\DCLACBr_MDFeDamdfeRL.bpl not found</Excluded_Packages>
                    <Excluded_Packages Name="C:\Xlog\Soli\Componentes\ACbr\Lib\Delphi\LibD29\Win32\DCLACBr_SATExtratoRL.bpl">File C:\Xlog\Soli\Componentes\ACbr\Lib\Delphi\LibD29\Win32\DCLACBr_SATExtratoRL.bpl not found</Excluded_Packages>
                    <Excluded_Packages Name="C:\Xlog\Soli\Componentes\ACbr\Lib\Delphi\LibD29\Win32\DCLACBr_GNREGuiaRL.bpl">File C:\Xlog\Soli\Componentes\ACbr\Lib\Delphi\LibD29\Win32\DCLACBr_GNREGuiaRL.bpl not found</Excluded_Packages>
                    <Excluded_Packages Name="C:\Xlog\Soli\Componentes\ACbr\Lib\Delphi\LibD29\Win32\DCLACBr_NF3eDANF3eRL.bpl">File C:\Xlog\Soli\Componentes\ACbr\Lib\Delphi\LibD29\Win32\DCLACBr_NF3eDANF3eRL.bpl not found</Excluded_Packages>
                    <Excluded_Packages Name="C:\Xlog\Soli\Componentes\ACbr\Lib\Delphi\LibD29\Win32\DCLACBr_DCeDACERL.bpl">File C:\Xlog\Soli\Componentes\ACbr\Lib\Delphi\LibD29\Win32\DCLACBr_DCeDACERL.bpl not found</Excluded_Packages>
                    <Excluded_Packages Name="$(BDSBIN)\dcloffice2k290.bpl">Microsoft Office 2000 Sample Automation Server Wrapper Components</Excluded_Packages>
                    <Excluded_Packages Name="$(BDSBIN)\dclofficexp290.bpl">Microsoft Office XP Sample Automation Server Wrapper Components</Excluded_Packages>
                </Excluded_Packages>
            </Delphi.Personality>
            <Platforms>
                <Platform value="Win32">True</Platform>
                <Platform value="Win64">True</Platform>
            </Platforms>
        </BorlandProject>
        <ProjectFileVersion>12</ProjectFileVersion>
    </ProjectExtensions>
    <Import Project="$(BDS)\Bin\CodeGear.Delphi.Targets" Condition="Exists('$(BDS)\Bin\CodeGear.Delphi.Targets')"/>
    <Import Project="$(APPDATA)\Embarcadero\$(BDSAPPDATABASEDIR)\$(PRODUCTVERSION)\UserTools.proj" Condition="Exists('$(APPDATA)\Embarcadero\$(BDSAPPDATABASEDIR)\$(PRODUCTVERSION)\UserTools.proj')"/>
</Project>
